github.com/ClickHouse/clickhouse-go v1.3.13 h1:6rFlkl+clt4ShJEU5Cdcj0HCQ9mgQxvP+bO+thFuqmc=
github.com/ClickHouse/clickhouse-go v1.3.13/go.mod h1:EaI/sW7Azgz9UATzd5ZdZHRUhHgv5+JMS9NSr2smCJI=
github.com/bkaradzic/go-lz4 v1.0.0/go.mod h1:0YdlkowM3VswSROI7qDxhRvJ3sLhlFrRRwjwegp5jy4=
github.com/cloudflare/golz4 v0.0.0-20150217214814-ef862a3cdc58/go.mod h1:EOBUe0h4xcZ5GoxqC5SDxFQ8gwyZPKQoEzownBlhI80=
github.com/davecgh/go-spew v1.1.0/go.mod h1:J7Y8YcW2NihsgmVo/mv3lAwl/skON4iLHjSsI+c5H38=
github.com/davecgh/go-spew v1.1.1/go.mod h1:J7Y8YcW2NihsgmVo/mv3lAwl/skON4iLHjSsI+c5H38=
github.com/go-redis/redis v6.15.7+incompatible h1:3skhDh95XQMpnqeqNftPkQD9jL9e5e36z/1SUm6dy1U=
github.com/go-redis/redis v6.15.7+incompatible/go.mod h1:NAIEuMOZ/fxfXJIrKDQDz8wamY7mA7PouImQ2Jvg6kA=
github.com/go-sql-driver/mysql v1.4.0/go.mod h1:zAC/RDZ24gD3HViQzih4MyKcchzm+sOG5ZlKdlhCg5w=
github.com/gorilla/mux v1.7.4 h1:VuZ8uybHlWmqV03+zRzdwKL4tUnIp1MAQtp1mIFE1bc=
github.com/gorilla/mux v1.7.4/go.mod h1:DVbg23sWSpFRCP0SfiEN6jmj59UnW/n46BH5rLB71So=
github.com/hashicorp/hcl v1.0.0 h1:0Anlzjpi4vEasTeNFn2mLJgTSwt0+6sfsiTG8qcWGx4=
github.com/hashicorp/hcl v1.0.0/go.mod h1:E5yfLk+7swimpb2L/Alb/PJmXilQ/rhwaUYs4T20WEQ=
github.com/jmoiron/sqlx v1.2.0/go.mod h1:1FEQNm3xlJgrMD+FBdI9+xvCksHtbpVBBw5dYhBSsks=
github.com/lib/pq v1.0.0/go.mod h1:5WUZQaWbwv1U+lTReE5YruASi9Al49XbQIvNi/34Woo=
github.com/mattn/go-sqlite3 v1.9.0/go.mod h1:FPy6KqzDD04eiIsT53CuJW3U88zkxoIYsOqkbpncsNc=
github.com/oschwald/geoip2-golang v1.4.0 h1:5RlrjCgRyIGDz/mBmPfnAF4h8k0IAcRv9PvrpOfz+Ug=
github.com/oschwald/geoip2-golang v1.4.0/go.mod h1:8QwxJvRImBH+Zl6Aa6MaIcs5YdlZSTKtzmPGzQqi9ng=
github.com/oschwald/maxminddb-golang v1.6.0 h1:KAJSjdHQ8Kv45nFIbtoLGrGWqHFajOIm7skTyz/+Dls=
github.com/oschwald/maxminddb-golang v1.6.0/go.mod h1:DUJFucBg2cvqx42YmDa/+xHvb0elJtOm3o4aFQ/nb/w=
github.com/pierrec/lz4 v2.0.5+incompatible/go.mod h1:pdkljMzZIN41W+lC3N2tnIh5sFi+IEE17M5jbnwPHcY=
github.com/pmezard/go-difflib v1.0.0/go.mod h1:iKH77koFhYxTK1pcRnkKkqfTogsbg7gZNVY4sRDYZ/4=
github.com/stretchr/objx v0.1.0/go.mod h1:HFkY916IF+rwdDfMAkV7OtwuqBVzrE8GR6GFx+wExME=
github.com/stretchr/testify v1.3.0/go.mod h1:M5WIy9Dh21IEIfnGCwXGc5bZfKNJtfHm1UVUgZn+9EI=
github.com/stretchr/testify v1.4.0/go.mod h1:j7eGeouHqKxXV5pUuKE4zz7dFj8WfuZ+81PSLYec5m4=
golang.org/x/sys v0.0.0-20191224085550-c709ea063b76 h1:Dho5nD6R3PcW2SH1or8vS0dszDaXRxIw55lBX7XiE5g=
golang.org/x/sys v0.0.0-20191224085550-c709ea063b76/go.mod h1:h1NjWce9XRLGQEsW7wpKNCjG9DtNlClVuFLEZdDNbEs=
gopkg.in/check.v1 v0.0.0-20161208181325-20d25e280405/go.mod h1:Co6ibVJAznAaIkqp8huTwlJQCZ016jof/cbN4VW5Yz0=
gopkg.in/mcuadros/go-syslog.v2 v2.3.0 h1:kcsiS+WsTKyIEPABJBJtoG0KkOS6yzvJ+/eZlhD79kk=
gopkg.in/mcuadros/go-syslog.v2 v2.3.0/go.mod h1:l5LPIyOOyIdQquNg+oU6Z3524YwrcqEm0aKH+5zpt2U=
gopkg.in/yaml.v2 v2.2.2/go.mod h1:hI93XBmqTisBFMUTm0b8Fm+jr3Dg1NNxqwp+5A1VGuI=
